
Microsoft Visual Studio Solution File, Format Version 12.00
# Visual Studio Version 16
VisualStudioVersion = 16.0.29509.3
MinimumVisualStudioVersion = 10.0.40219.1
Project("{8BC9CEB8-8B4A-11D0-8D11-00A0C91BC942}") = "UltimateTicTacToe", "UltimateTicTacToe\UltimateTicTacToe.vcxproj", "{EB14480B-94F2-402B-B4E6-74EC30D7FBF4}"
EndProject
Global
	GlobalSection(SolutionConfigurationPlatforms) = preSolution
		Debug|x64 = Debug|x64
		Debug|x86 = Debug|x86
		Release|x64 = Release|x64
		Release|x86 = Release|x86
	EndGlobalSection
	GlobalSection(ProjectConfigurationPlatforms) = postSolution
		{EB14480B-94F2-402B-B4E6-74EC30D7FBF4}.Debug|x64.ActiveCfg = Debug|x64
		{EB14480B-94F2-402B-B4E6-74EC30D7FBF4}.Debug|x64.Build.0 = Debug|x64
		{EB14480B-94F2-402B-B4E6-74EC30D7FBF4}.Debug|x86.ActiveCfg = Debug|Win32
		{EB14480B-94F2-402B-B4E6-74EC30D7FBF4}.Debug|x86.Build.0 = Debug|Win32
		{EB14480B-94F2-402B-B4E6-74EC30D7FBF4}.Release|x64.ActiveCfg = Release|x64
		{EB14480B-94F2-402B-B4E6-74EC30D7FBF4}.Release|x64.Build.0 = Release|x64
		{EB14480B-94F2-402B-B4E6-74EC30D7FBF4}.Release|x86.ActiveCfg = Release|Win32
		{EB14480B-94F2-402B-B4E6-74EC30D7FBF4}.Release|x86.Build.0 = Release|Win32
	EndGlobalSection
	GlobalSection(SolutionProperties) = preSolution
		HideSolutionNode = FALSE
	EndGlobalSection
	GlobalSection(ExtensibilityGlobals) = postSolution
		SolutionGuid = {E997CB31-4CDD-4B34-B15B-39CF95D0EB2A}
	EndGlobalSection
EndGlobal
